<?xml version="1.0" encoding="UTF-8" standalone="yes" ?>
<CodeBlocks_project_file>
	<FileVersion major="1" minor="6" />
	<Project>
		<Option title="PL1" />
		<Option pch_mode="2" />
		<Option compiler="gcc" />
		<Build>
			<Target title="Debug">
				<Option output="bin/Debug/PL1" prefix_auto="1" extension_auto="1" />
				<Option object_output="obj/Debug/" />
				<Option type="1" />
				<Option compiler="gcc" />
				<Compiler>
					<Add option="-g" />
					<Add directory="include" />
				</Compiler>
			</Target>
			<Target title="Release">
				<Option output="bin/Release/PL1" prefix_auto="1" extension_auto="1" />
				<Option object_output="obj/Release/" />
				<Option type="1" />
				<Option compiler="gcc" />
				<Compiler>
					<Add option="-O2" />
					<Add directory="include" />
				</Compiler>
				<Linker>
					<Add option="-s" />
				</Linker>
			</Target>
		</Build>
		<Compiler>
			<Add option="-Wall" />
			<Add option="-fexceptions" />
		</Compiler>
		<Unit filename="include/Cola.h" />
		<Unit filename="include/Gestor.h" />
		<Unit filename="include/Lista.h" />
		<Unit filename="include/Mesa.h" />
		<Unit filename="include/NodoCola.h" />
		<Unit filename="include/NodoPila.h" />
		<Unit filename="include/Pedido.h" />
		<Unit filename="include/Pila.h" />
		<Unit filename="include/Reserva.h" />
		<Unit filename="main.cpp" />
		<Unit filename="src/Cola.cpp" />
		<Unit filename="src/Gestor.cpp" />
		<Unit filename="src/Lista.cpp" />
		<Unit filename="src/Mesa.cpp" />
		<Unit filename="src/NodoCola.cpp" />
		<Unit filename="src/NodoPila.cpp" />
		<Unit filename="src/Pedido.cpp" />
		<Unit filename="src/Pila.cpp" />
		<Unit filename="src/Reserva.cpp" />
		<Extensions>
			<lib_finder disable_auto="1" />
		</Extensions>
	</Project>
</CodeBlocks_project_file>
